
Microsoft Visual Studio Solution File, Format Version 12.00
# Visual Studio Version 16
VisualStudioVersion = 16.0.30804.86
MinimumVisualStudioVersion = 10.0.40219.1
Project("{FAE04EC0-301F-11D3-BF4B-00C04F79EFBC}") = "ztp_projekt_fiszki", "ztp_projekt_fiszki\ztp_projekt_fiszki.csproj", "{62FE7E3C-11F6-435F-8977-B6EBC602C865}"
EndProject
Global
	GlobalSection(SolutionConfigurationPlatforms) = preSolution
		Debug|Any CPU = Debug|Any CPU
		Release|Any CPU = Release|Any CPU
	EndGlobalSection
	GlobalSection(ProjectConfigurationPlatforms) = postSolution
		{62FE7E3C-11F6-435F-8977-B6EBC602C865}.Debug|Any CPU.ActiveCfg = Debug|Any CPU
		{62FE7E3C-11F6-435F-8977-B6EBC602C865}.Debug|Any CPU.Build.0 = Debug|Any CPU
		{62FE7E3C-11F6-435F-8977-B6EBC602C865}.Release|Any CPU.ActiveCfg = Release|Any CPU
		{62FE7E3C-11F6-435F-8977-B6EBC602C865}.Release|Any CPU.Build.0 = Release|Any CPU
	EndGlobalSection
	GlobalSection(SolutionProperties) = preSolution
		HideSolutionNode = FALSE
	EndGlobalSection
	GlobalSection(ExtensibilityGlobals) = postSolution
		SolutionGuid = {B808340A-43C3-446B-A821-F171B6E1FB0F}
	EndGlobalSection
EndGlobal
